
Microsoft Visual Studio Solution File, Format Version 12.00
# Visual Studio 15
VisualStudioVersion = 15.0.26124.0
MinimumVisualStudioVersion = 15.0.26124.0
Project("{2150E333-8FDC-42A3-9474-1A3956D46DE8}") = "Code", "Code", "{361C31D0-9428-4C96-ABC9-7CD626974161}"
EndProject
Project("{FAE04EC0-301F-11D3-BF4B-00C04F79EFBC}") = "dotnetmongo.Api", "Code\dotnetmongo.Api\dotnetmongo.Api.csproj", "{CE33DE35-2313-48F0-899D-FF75C0E53F15}"
EndProject
Project("{FAE04EC0-301F-11D3-BF4B-00C04F79EFBC}") = "dotnetmongo.BusinessEntities", "Code\dotnetmongo.BusinessEntities\dotnetmongo.BusinessEntities.csproj", "{8DEC4F18-CAE1-429A-9932-C23FD88BB2C3}"
EndProject
Project("{FAE04EC0-301F-11D3-BF4B-00C04F79EFBC}") = "dotnetmongo.BusinessServices", "Code\dotnetmongo.BusinessServices\dotnetmongo.BusinessServices.csproj", "{5839C83E-96E3-4EBA-8F23-D5628C460F88}"
EndProject
Project("{FAE04EC0-301F-11D3-BF4B-00C04F79EFBC}") = "dotnetmongo.Contracts", "Code\dotnetmongo.Contracts\dotnetmongo.Contracts.csproj", "{EC179DC9-B1AB-4871-9DBD-28CA17A357E0}"
EndProject
Project("{FAE04EC0-301F-11D3-BF4B-00C04F79EFBC}") = "dotnetmongo.Data", "Code\dotnetmongo.Data\dotnetmongo.Data.csproj", "{060A717E-E494-4C88-B394-02803B784DBF}"
EndProject
Project("{FAE04EC0-301F-11D3-BF4B-00C04F79EFBC}") = "dotnetmongo.Test.Api", "Code\dotnetmongo.Test.Api\dotnetmongo.Test.Api.csproj", "{36D52459-B53F-4910-8BA3-70884D27C416}"
EndProject
Project("{FAE04EC0-301F-11D3-BF4B-00C04F79EFBC}") = "dotnetmongo.Test.Business", "Code\dotnetmongo.Test.Business\dotnetmongo.Test.Business.csproj", "{0287C5AD-C737-4AB9-AD47-7F3795A62A8A}"
EndProject
Project("{FAE04EC0-301F-11D3-BF4B-00C04F79EFBC}") = "dotnetmongo.Test.Framework", "Code\dotnetmongo.Test.Framework\dotnetmongo.Test.Framework.csproj", "{107122C4-6793-4102-A0F3-5A881F708A13}"
EndProject
Project("{2150E333-8FDC-42A3-9474-1A3956D46DE8}") = "Test", "Test", "{644BD648-D5FF-49C0-8EAB-5C4E530D22DC}"
EndProject
Global
	GlobalSection(SolutionConfigurationPlatforms) = preSolution
		Debug|Any CPU = Debug|Any CPU
		Debug|x64 = Debug|x64
		Debug|x86 = Debug|x86
		Release|Any CPU = Release|Any CPU
		Release|x64 = Release|x64
		Release|x86 = Release|x86
	EndGlobalSection
	GlobalSection(SolutionProperties) = preSolution
		HideSolutionNode = FALSE
	EndGlobalSection
	GlobalSection(ProjectConfigurationPlatforms) = postSolution
		{CE33DE35-2313-48F0-899D-FF75C0E53F15}.Debug|Any CPU.ActiveCfg = Debug|Any CPU
		{CE33DE35-2313-48F0-899D-FF75C0E53F15}.Debug|Any CPU.Build.0 = Debug|Any CPU
		{CE33DE35-2313-48F0-899D-FF75C0E53F15}.Debug|x64.ActiveCfg = Debug|Any CPU
		{CE33DE35-2313-48F0-899D-FF75C0E53F15}.Debug|x64.Build.0 = Debug|Any CPU
		{CE33DE35-2313-48F0-899D-FF75C0E53F15}.Debug|x86.ActiveCfg = Debug|Any CPU
		{CE33DE35-2313-48F0-899D-FF75C0E53F15}.Debug|x86.Build.0 = Debug|Any CPU
		{CE33DE35-2313-48F0-899D-FF75C0E53F15}.Release|Any CPU.ActiveCfg = Release|Any CPU
		{CE33DE35-2313-48F0-899D-FF75C0E53F15}.Release|Any CPU.Build.0 = Release|Any CPU
		{CE33DE35-2313-48F0-899D-FF75C0E53F15}.Release|x64.ActiveCfg = Release|Any CPU
		{CE33DE35-2313-48F0-899D-FF75C0E53F15}.Release|x64.Build.0 = Release|Any CPU
		{CE33DE35-2313-48F0-899D-FF75C0E53F15}.Release|x86.ActiveCfg = Release|Any CPU
		{CE33DE35-2313-48F0-899D-FF75C0E53F15}.Release|x86.Build.0 = Release|Any CPU
		{8DEC4F18-CAE1-429A-9932-C23FD88BB2C3}.Debug|Any CPU.ActiveCfg = Debug|Any CPU
		{8DEC4F18-CAE1-429A-9932-C23FD88BB2C3}.Debug|Any CPU.Build.0 = Debug|Any CPU
		{8DEC4F18-CAE1-429A-9932-C23FD88BB2C3}.Debug|x64.ActiveCfg = Debug|Any CPU
		{8DEC4F18-CAE1-429A-9932-C23FD88BB2C3}.Debug|x64.Build.0 = Debug|Any CPU
		{8DEC4F18-CAE1-429A-9932-C23FD88BB2C3}.Debug|x86.ActiveCfg = Debug|Any CPU
		{8DEC4F18-CAE1-429A-9932-C23FD88BB2C3}.Debug|x86.Build.0 = Debug|Any CPU
		{8DEC4F18-CAE1-429A-9932-C23FD88BB2C3}.Release|Any CPU.ActiveCfg = Release|Any CPU
		{8DEC4F18-CAE1-429A-9932-C23FD88BB2C3}.Release|Any CPU.Build.0 = Release|Any CPU
		{8DEC4F18-CAE1-429A-9932-C23FD88BB2C3}.Release|x64.ActiveCfg = Release|Any CPU
		{8DEC4F18-CAE1-429A-9932-C23FD88BB2C3}.Release|x64.Build.0 = Release|Any CPU
		{8DEC4F18-CAE1-429A-9932-C23FD88BB2C3}.Release|x86.ActiveCfg = Release|Any CPU
		{8DEC4F18-CAE1-429A-9932-C23FD88BB2C3}.Release|x86.Build.0 = Release|Any CPU
		{5839C83E-96E3-4EBA-8F23-D5628C460F88}.Debug|Any CPU.ActiveCfg = Debug|Any CPU
		{5839C83E-96E3-4EBA-8F23-D5628C460F88}.Debug|Any CPU.Build.0 = Debug|Any CPU
		{5839C83E-96E3-4EBA-8F23-D5628C460F88}.Debug|x64.ActiveCfg = Debug|Any CPU
		{5839C83E-96E3-4EBA-8F23-D5628C460F88}.Debug|x64.Build.0 = Debug|Any CPU
		{5839C83E-96E3-4EBA-8F23-D5628C460F88}.Debug|x86.ActiveCfg = Debug|Any CPU
		{5839C83E-96E3-4EBA-8F23-D5628C460F88}.Debug|x86.Build.0 = Debug|Any CPU
		{5839C83E-96E3-4EBA-8F23-D5628C460F88}.Release|Any CPU.ActiveCfg = Release|Any CPU
		{5839C83E-96E3-4EBA-8F23-D5628C460F88}.Release|Any CPU.Build.0 = Release|Any CPU
		{5839C83E-96E3-4EBA-8F23-D5628C460F88}.Release|x64.ActiveCfg = Release|Any CPU
		{5839C83E-96E3-4EBA-8F23-D5628C460F88}.Release|x64.Build.0 = Release|Any CPU
		{5839C83E-96E3-4EBA-8F23-D5628C460F88}.Release|x86.ActiveCfg = Release|Any CPU
		{5839C83E-96E3-4EBA-8F23-D5628C460F88}.Release|x86.Build.0 = Release|Any CPU
		{EC179DC9-B1AB-4871-9DBD-28CA17A357E0}.Debug|Any CPU.ActiveCfg = Debug|Any CPU
		{EC179DC9-B1AB-4871-9DBD-28CA17A357E0}.Debug|Any CPU.Build.0 = Debug|Any CPU
		{EC179DC9-B1AB-4871-9DBD-28CA17A357E0}.Debug|x64.ActiveCfg = Debug|Any CPU
		{EC179DC9-B1AB-4871-9DBD-28CA17A357E0}.Debug|x64.Build.0 = Debug|Any CPU
		{EC179DC9-B1AB-4871-9DBD-28CA17A357E0}.Debug|x86.ActiveCfg = Debug|Any CPU
		{EC179DC9-B1AB-4871-9DBD-28CA17A357E0}.Debug|x86.Build.0 = Debug|Any CPU
		{EC179DC9-B1AB-4871-9DBD-28CA17A357E0}.Release|Any CPU.ActiveCfg = Release|Any CPU
		{EC179DC9-B1AB-4871-9DBD-28CA17A357E0}.Release|Any CPU.Build.0 = Release|Any CPU
		{EC179DC9-B1AB-4871-9DBD-28CA17A357E0}.Release|x64.ActiveCfg = Release|Any CPU
		{EC179DC9-B1AB-4871-9DBD-28CA17A357E0}.Release|x64.Build.0 = Release|Any CPU
		{EC179DC9-B1AB-4871-9DBD-28CA17A357E0}.Release|x86.ActiveCfg = Release|Any CPU
		{EC179DC9-B1AB-4871-9DBD-28CA17A357E0}.Release|x86.Build.0 = Release|Any CPU
		{060A717E-E494-4C88-B394-02803B784DBF}.Debug|Any CPU.ActiveCfg = Debug|Any CPU
		{060A717E-E494-4C88-B394-02803B784DBF}.Debug|Any CPU.Build.0 = Debug|Any CPU
		{060A717E-E494-4C88-B394-02803B784DBF}.Debug|x64.ActiveCfg = Debug|Any CPU
		{060A717E-E494-4C88-B394-02803B784DBF}.Debug|x64.Build.0 = Debug|Any CPU
		{060A717E-E494-4C88-B394-02803B784DBF}.Debug|x86.ActiveCfg = Debug|Any CPU
		{060A717E-E494-4C88-B394-02803B784DBF}.Debug|x86.Build.0 = Debug|Any CPU
		{060A717E-E494-4C88-B394-02803B784DBF}.Release|Any CPU.ActiveCfg = Release|Any CPU
		{060A717E-E494-4C88-B394-02803B784DBF}.Release|Any CPU.Build.0 = Release|Any CPU
		{060A717E-E494-4C88-B394-02803B784DBF}.Release|x64.ActiveCfg = Release|Any CPU
		{060A717E-E494-4C88-B394-02803B784DBF}.Release|x64.Build.0 = Release|Any CPU
		{060A717E-E494-4C88-B394-02803B784DBF}.Release|x86.ActiveCfg = Release|Any CPU
		{060A717E-E494-4C88-B394-02803B784DBF}.Release|x86.Build.0 = Release|Any CPU
		{36D52459-B53F-4910-8BA3-70884D27C416}.Debug|Any CPU.ActiveCfg = Debug|Any CPU
		{36D52459-B53F-4910-8BA3-70884D27C416}.Debug|Any CPU.Build.0 = Debug|Any CPU
		{36D52459-B53F-4910-8BA3-70884D27C416}.Debug|x64.ActiveCfg = Debug|Any CPU
		{36D52459-B53F-4910-8BA3-70884D27C416}.Debug|x64.Build.0 = Debug|Any CPU
		{36D52459-B53F-4910-8BA3-70884D27C416}.Debug|x86.ActiveCfg = Debug|Any CPU
		{36D52459-B53F-4910-8BA3-70884D27C416}.Debug|x86.Build.0 = Debug|Any CPU
		{36D52459-B53F-4910-8BA3-70884D27C416}.Release|Any CPU.ActiveCfg = Release|Any CPU
		{36D52459-B53F-4910-8BA3-70884D27C416}.Release|Any CPU.Build.0 = Release|Any CPU
		{36D52459-B53F-4910-8BA3-70884D27C416}.Release|x64.ActiveCfg = Release|Any CPU
		{36D52459-B53F-4910-8BA3-70884D27C416}.Release|x64.Build.0 = Release|Any CPU
		{36D52459-B53F-4910-8BA3-70884D27C416}.Release|x86.ActiveCfg = Release|Any CPU
		{36D52459-B53F-4910-8BA3-70884D27C416}.Release|x86.Build.0 = Release|Any CPU
		{0287C5AD-C737-4AB9-AD47-7F3795A62A8A}.Debug|Any CPU.ActiveCfg = Debug|Any CPU
		{0287C5AD-C737-4AB9-AD47-7F3795A62A8A}.Debug|Any CPU.Build.0 = Debug|Any CPU
		{0287C5AD-C737-4AB9-AD47-7F3795A62A8A}.Debug|x64.ActiveCfg = Debug|Any CPU
		{0287C5AD-C737-4AB9-AD47-7F3795A62A8A}.Debug|x64.Build.0 = Debug|Any CPU
		{0287C5AD-C737-4AB9-AD47-7F3795A62A8A}.Debug|x86.ActiveCfg = Debug|Any CPU
		{0287C5AD-C737-4AB9-AD47-7F3795A62A8A}.Debug|x86.Build.0 = Debug|Any CPU
		{0287C5AD-C737-4AB9-AD47-7F3795A62A8A}.Release|Any CPU.ActiveCfg = Release|Any CPU
		{0287C5AD-C737-4AB9-AD47-7F3795A62A8A}.Release|Any CPU.Build.0 = Release|Any CPU
		{0287C5AD-C737-4AB9-AD47-7F3795A62A8A}.Release|x64.ActiveCfg = Release|Any CPU
		{0287C5AD-C737-4AB9-AD47-7F3795A62A8A}.Release|x64.Build.0 = Release|Any CPU
		{0287C5AD-C737-4AB9-AD47-7F3795A62A8A}.Release|x86.ActiveCfg = Release|Any CPU
		{0287C5AD-C737-4AB9-AD47-7F3795A62A8A}.Release|x86.Build.0 = Release|Any CPU
		{107122C4-6793-4102-A0F3-5A881F708A13}.Debug|Any CPU.ActiveCfg = Debug|Any CPU
		{107122C4-6793-4102-A0F3-5A881F708A13}.Debug|Any CPU.Build.0 = Debug|Any CPU
		{107122C4-6793-4102-A0F3-5A881F708A13}.Debug|x64.ActiveCfg = Debug|Any CPU
		{107122C4-6793-4102-A0F3-5A881F708A13}.Debug|x64.Build.0 = Debug|Any CPU
		{107122C4-6793-4102-A0F3-5A881F708A13}.Debug|x86.ActiveCfg = Debug|Any CPU
		{107122C4-6793-4102-A0F3-5A881F708A13}.Debug|x86.Build.0 = Debug|Any CPU
		{107122C4-6793-4102-A0F3-5A881F708A13}.Release|Any CPU.ActiveCfg = Release|Any CPU
		{107122C4-6793-4102-A0F3-5A881F708A13}.Release|Any CPU.Build.0 = Release|Any CPU
		{107122C4-6793-4102-A0F3-5A881F708A13}.Release|x64.ActiveCfg = Release|Any CPU
		{107122C4-6793-4102-A0F3-5A881F708A13}.Release|x64.Build.0 = Release|Any CPU
		{107122C4-6793-4102-A0F3-5A881F708A13}.Release|x86.ActiveCfg = Release|Any CPU
		{107122C4-6793-4102-A0F3-5A881F708A13}.Release|x86.Build.0 = Release|Any CPU
	EndGlobalSection
	GlobalSection(NestedProjects) = preSolution
		{CE33DE35-2313-48F0-899D-FF75C0E53F15} = {361C31D0-9428-4C96-ABC9-7CD626974161}
		{8DEC4F18-CAE1-429A-9932-C23FD88BB2C3} = {361C31D0-9428-4C96-ABC9-7CD626974161}
		{5839C83E-96E3-4EBA-8F23-D5628C460F88} = {361C31D0-9428-4C96-ABC9-7CD626974161}
		{EC179DC9-B1AB-4871-9DBD-28CA17A357E0} = {361C31D0-9428-4C96-ABC9-7CD626974161}
		{060A717E-E494-4C88-B394-02803B784DBF} = {361C31D0-9428-4C96-ABC9-7CD626974161}
		{36D52459-B53F-4910-8BA3-70884D27C416} = {644BD648-D5FF-49C0-8EAB-5C4E530D22DC}
		{0287C5AD-C737-4AB9-AD47-7F3795A62A8A} = {644BD648-D5FF-49C0-8EAB-5C4E530D22DC}
		{107122C4-6793-4102-A0F3-5A881F708A13} = {644BD648-D5FF-49C0-8EAB-5C4E530D22DC}
	EndGlobalSection
EndGlobal
