
Microsoft Visual Studio Solution File, Format Version 12.00
# Visual Studio 15
VisualStudioVersion = 15.0.26124.0
MinimumVisualStudioVersion = 15.0.26124.0
Project("{2150E333-8FDC-42A3-9474-1A3956D46DE8}") = "Code", "Code", "{63AD73CC-FD56-43C7-B3EF-79E6946A6D49}"
EndProject
Project("{FAE04EC0-301F-11D3-BF4B-00C04F79EFBC}") = "IDPService.Api", "Code\IDPService.Api\IDPService.Api.csproj", "{61EC6543-FB76-41C2-BA86-B4B561072201}"
EndProject
Project("{FAE04EC0-301F-11D3-BF4B-00C04F79EFBC}") = "IDPService.Business", "Code\IDPService.Business\IDPService.Business.csproj", "{C9290B0F-BB04-40AC-AD8B-36FB0CF3DE45}"
EndProject
Project("{FAE04EC0-301F-11D3-BF4B-00C04F79EFBC}") = "IDPService.Data", "Code\IDPService.Data\IDPService.Data.csproj", "{1F9A9413-8CF3-4D9F-A55F-0B6AEEC2111C}"
EndProject
Project("{FAE04EC0-301F-11D3-BF4B-00C04F79EFBC}") = "IDPService.Entities", "Code\IDPService.Entities\IDPService.Entities.csproj", "{5F6B97E2-863D-486A-AA26-D439BEE7FEA7}"
EndProject
Project("{FAE04EC0-301F-11D3-BF4B-00C04F79EFBC}") = "IDPService.Test.Api", "Code\IDPService.Test.Api\IDPService.Test.Api.csproj", "{275A71EF-6EED-46D4-A961-9F23FD83EEAA}"
EndProject
Project("{FAE04EC0-301F-11D3-BF4B-00C04F79EFBC}") = "IDPService.Test.Business", "Code\IDPService.Test.Business\IDPService.Test.Business.csproj", "{02A1BECA-B7CE-4195-9B6F-89534F9459A1}"
EndProject
Project("{FAE04EC0-301F-11D3-BF4B-00C04F79EFBC}") = "IDPService.Test.Framework", "Code\IDPService.Test.Framework\IDPService.Test.Framework.csproj", "{83EAC3CB-8121-40CF-8C7B-FC9D0151B6FF}"
EndProject
Project("{2150E333-8FDC-42A3-9474-1A3956D46DE8}") = "Test", "Test", "{D07E508C-4351-4856-8DC1-546718B96C3C}"
EndProject
Global
	GlobalSection(SolutionConfigurationPlatforms) = preSolution
		Debug|Any CPU = Debug|Any CPU
		Debug|x64 = Debug|x64
		Debug|x86 = Debug|x86
		Release|Any CPU = Release|Any CPU
		Release|x64 = Release|x64
		Release|x86 = Release|x86
	EndGlobalSection
	GlobalSection(SolutionProperties) = preSolution
		HideSolutionNode = FALSE
	EndGlobalSection
	GlobalSection(ProjectConfigurationPlatforms) = postSolution
		{61EC6543-FB76-41C2-BA86-B4B561072201}.Debug|Any CPU.ActiveCfg = Debug|Any CPU
		{61EC6543-FB76-41C2-BA86-B4B561072201}.Debug|Any CPU.Build.0 = Debug|Any CPU
		{61EC6543-FB76-41C2-BA86-B4B561072201}.Debug|x64.ActiveCfg = Debug|Any CPU
		{61EC6543-FB76-41C2-BA86-B4B561072201}.Debug|x64.Build.0 = Debug|Any CPU
		{61EC6543-FB76-41C2-BA86-B4B561072201}.Debug|x86.ActiveCfg = Debug|Any CPU
		{61EC6543-FB76-41C2-BA86-B4B561072201}.Debug|x86.Build.0 = Debug|Any CPU
		{61EC6543-FB76-41C2-BA86-B4B561072201}.Release|Any CPU.ActiveCfg = Release|Any CPU
		{61EC6543-FB76-41C2-BA86-B4B561072201}.Release|Any CPU.Build.0 = Release|Any CPU
		{61EC6543-FB76-41C2-BA86-B4B561072201}.Release|x64.ActiveCfg = Release|Any CPU
		{61EC6543-FB76-41C2-BA86-B4B561072201}.Release|x64.Build.0 = Release|Any CPU
		{61EC6543-FB76-41C2-BA86-B4B561072201}.Release|x86.ActiveCfg = Release|Any CPU
		{61EC6543-FB76-41C2-BA86-B4B561072201}.Release|x86.Build.0 = Release|Any CPU
		{C9290B0F-BB04-40AC-AD8B-36FB0CF3DE45}.Debug|Any CPU.ActiveCfg = Debug|Any CPU
		{C9290B0F-BB04-40AC-AD8B-36FB0CF3DE45}.Debug|Any CPU.Build.0 = Debug|Any CPU
		{C9290B0F-BB04-40AC-AD8B-36FB0CF3DE45}.Debug|x64.ActiveCfg = Debug|Any CPU
		{C9290B0F-BB04-40AC-AD8B-36FB0CF3DE45}.Debug|x64.Build.0 = Debug|Any CPU
		{C9290B0F-BB04-40AC-AD8B-36FB0CF3DE45}.Debug|x86.ActiveCfg = Debug|Any CPU
		{C9290B0F-BB04-40AC-AD8B-36FB0CF3DE45}.Debug|x86.Build.0 = Debug|Any CPU
		{C9290B0F-BB04-40AC-AD8B-36FB0CF3DE45}.Release|Any CPU.ActiveCfg = Release|Any CPU
		{C9290B0F-BB04-40AC-AD8B-36FB0CF3DE45}.Release|Any CPU.Build.0 = Release|Any CPU
		{C9290B0F-BB04-40AC-AD8B-36FB0CF3DE45}.Release|x64.ActiveCfg = Release|Any CPU
		{C9290B0F-BB04-40AC-AD8B-36FB0CF3DE45}.Release|x64.Build.0 = Release|Any CPU
		{C9290B0F-BB04-40AC-AD8B-36FB0CF3DE45}.Release|x86.ActiveCfg = Release|Any CPU
		{C9290B0F-BB04-40AC-AD8B-36FB0CF3DE45}.Release|x86.Build.0 = Release|Any CPU
		{1F9A9413-8CF3-4D9F-A55F-0B6AEEC2111C}.Debug|Any CPU.ActiveCfg = Debug|Any CPU
		{1F9A9413-8CF3-4D9F-A55F-0B6AEEC2111C}.Debug|Any CPU.Build.0 = Debug|Any CPU
		{1F9A9413-8CF3-4D9F-A55F-0B6AEEC2111C}.Debug|x64.ActiveCfg = Debug|Any CPU
		{1F9A9413-8CF3-4D9F-A55F-0B6AEEC2111C}.Debug|x64.Build.0 = Debug|Any CPU
		{1F9A9413-8CF3-4D9F-A55F-0B6AEEC2111C}.Debug|x86.ActiveCfg = Debug|Any CPU
		{1F9A9413-8CF3-4D9F-A55F-0B6AEEC2111C}.Debug|x86.Build.0 = Debug|Any CPU
		{1F9A9413-8CF3-4D9F-A55F-0B6AEEC2111C}.Release|Any CPU.ActiveCfg = Release|Any CPU
		{1F9A9413-8CF3-4D9F-A55F-0B6AEEC2111C}.Release|Any CPU.Build.0 = Release|Any CPU
		{1F9A9413-8CF3-4D9F-A55F-0B6AEEC2111C}.Release|x64.ActiveCfg = Release|Any CPU
		{1F9A9413-8CF3-4D9F-A55F-0B6AEEC2111C}.Release|x64.Build.0 = Release|Any CPU
		{1F9A9413-8CF3-4D9F-A55F-0B6AEEC2111C}.Release|x86.ActiveCfg = Release|Any CPU
		{1F9A9413-8CF3-4D9F-A55F-0B6AEEC2111C}.Release|x86.Build.0 = Release|Any CPU
		{5F6B97E2-863D-486A-AA26-D439BEE7FEA7}.Debug|Any CPU.ActiveCfg = Debug|Any CPU
		{5F6B97E2-863D-486A-AA26-D439BEE7FEA7}.Debug|Any CPU.Build.0 = Debug|Any CPU
		{5F6B97E2-863D-486A-AA26-D439BEE7FEA7}.Debug|x64.ActiveCfg = Debug|Any CPU
		{5F6B97E2-863D-486A-AA26-D439BEE7FEA7}.Debug|x64.Build.0 = Debug|Any CPU
		{5F6B97E2-863D-486A-AA26-D439BEE7FEA7}.Debug|x86.ActiveCfg = Debug|Any CPU
		{5F6B97E2-863D-486A-AA26-D439BEE7FEA7}.Debug|x86.Build.0 = Debug|Any CPU
		{5F6B97E2-863D-486A-AA26-D439BEE7FEA7}.Release|Any CPU.ActiveCfg = Release|Any CPU
		{5F6B97E2-863D-486A-AA26-D439BEE7FEA7}.Release|Any CPU.Build.0 = Release|Any CPU
		{5F6B97E2-863D-486A-AA26-D439BEE7FEA7}.Release|x64.ActiveCfg = Release|Any CPU
		{5F6B97E2-863D-486A-AA26-D439BEE7FEA7}.Release|x64.Build.0 = Release|Any CPU
		{5F6B97E2-863D-486A-AA26-D439BEE7FEA7}.Release|x86.ActiveCfg = Release|Any CPU
		{5F6B97E2-863D-486A-AA26-D439BEE7FEA7}.Release|x86.Build.0 = Release|Any CPU
		{275A71EF-6EED-46D4-A961-9F23FD83EEAA}.Debug|Any CPU.ActiveCfg = Debug|Any CPU
		{275A71EF-6EED-46D4-A961-9F23FD83EEAA}.Debug|Any CPU.Build.0 = Debug|Any CPU
		{275A71EF-6EED-46D4-A961-9F23FD83EEAA}.Debug|x64.ActiveCfg = Debug|Any CPU
		{275A71EF-6EED-46D4-A961-9F23FD83EEAA}.Debug|x64.Build.0 = Debug|Any CPU
		{275A71EF-6EED-46D4-A961-9F23FD83EEAA}.Debug|x86.ActiveCfg = Debug|Any CPU
		{275A71EF-6EED-46D4-A961-9F23FD83EEAA}.Debug|x86.Build.0 = Debug|Any CPU
		{275A71EF-6EED-46D4-A961-9F23FD83EEAA}.Release|Any CPU.ActiveCfg = Release|Any CPU
		{275A71EF-6EED-46D4-A961-9F23FD83EEAA}.Release|Any CPU.Build.0 = Release|Any CPU
		{275A71EF-6EED-46D4-A961-9F23FD83EEAA}.Release|x64.ActiveCfg = Release|Any CPU
		{275A71EF-6EED-46D4-A961-9F23FD83EEAA}.Release|x64.Build.0 = Release|Any CPU
		{275A71EF-6EED-46D4-A961-9F23FD83EEAA}.Release|x86.ActiveCfg = Release|Any CPU
		{275A71EF-6EED-46D4-A961-9F23FD83EEAA}.Release|x86.Build.0 = Release|Any CPU
		{02A1BECA-B7CE-4195-9B6F-89534F9459A1}.Debug|Any CPU.ActiveCfg = Debug|Any CPU
		{02A1BECA-B7CE-4195-9B6F-89534F9459A1}.Debug|Any CPU.Build.0 = Debug|Any CPU
		{02A1BECA-B7CE-4195-9B6F-89534F9459A1}.Debug|x64.ActiveCfg = Debug|Any CPU
		{02A1BECA-B7CE-4195-9B6F-89534F9459A1}.Debug|x64.Build.0 = Debug|Any CPU
		{02A1BECA-B7CE-4195-9B6F-89534F9459A1}.Debug|x86.ActiveCfg = Debug|Any CPU
		{02A1BECA-B7CE-4195-9B6F-89534F9459A1}.Debug|x86.Build.0 = Debug|Any CPU
		{02A1BECA-B7CE-4195-9B6F-89534F9459A1}.Release|Any CPU.ActiveCfg = Release|Any CPU
		{02A1BECA-B7CE-4195-9B6F-89534F9459A1}.Release|Any CPU.Build.0 = Release|Any CPU
		{02A1BECA-B7CE-4195-9B6F-89534F9459A1}.Release|x64.ActiveCfg = Release|Any CPU
		{02A1BECA-B7CE-4195-9B6F-89534F9459A1}.Release|x64.Build.0 = Release|Any CPU
		{02A1BECA-B7CE-4195-9B6F-89534F9459A1}.Release|x86.ActiveCfg = Release|Any CPU
		{02A1BECA-B7CE-4195-9B6F-89534F9459A1}.Release|x86.Build.0 = Release|Any CPU
		{83EAC3CB-8121-40CF-8C7B-FC9D0151B6FF}.Debug|Any CPU.ActiveCfg = Debug|Any CPU
		{83EAC3CB-8121-40CF-8C7B-FC9D0151B6FF}.Debug|Any CPU.Build.0 = Debug|Any CPU
		{83EAC3CB-8121-40CF-8C7B-FC9D0151B6FF}.Debug|x64.ActiveCfg = Debug|Any CPU
		{83EAC3CB-8121-40CF-8C7B-FC9D0151B6FF}.Debug|x64.Build.0 = Debug|Any CPU
		{83EAC3CB-8121-40CF-8C7B-FC9D0151B6FF}.Debug|x86.ActiveCfg = Debug|Any CPU
		{83EAC3CB-8121-40CF-8C7B-FC9D0151B6FF}.Debug|x86.Build.0 = Debug|Any CPU
		{83EAC3CB-8121-40CF-8C7B-FC9D0151B6FF}.Release|Any CPU.ActiveCfg = Release|Any CPU
		{83EAC3CB-8121-40CF-8C7B-FC9D0151B6FF}.Release|Any CPU.Build.0 = Release|Any CPU
		{83EAC3CB-8121-40CF-8C7B-FC9D0151B6FF}.Release|x64.ActiveCfg = Release|Any CPU
		{83EAC3CB-8121-40CF-8C7B-FC9D0151B6FF}.Release|x64.Build.0 = Release|Any CPU
		{83EAC3CB-8121-40CF-8C7B-FC9D0151B6FF}.Release|x86.ActiveCfg = Release|Any CPU
		{83EAC3CB-8121-40CF-8C7B-FC9D0151B6FF}.Release|x86.Build.0 = Release|Any CPU
	EndGlobalSection
	GlobalSection(NestedProjects) = preSolution
		{61EC6543-FB76-41C2-BA86-B4B561072201} = {63AD73CC-FD56-43C7-B3EF-79E6946A6D49}
		{C9290B0F-BB04-40AC-AD8B-36FB0CF3DE45} = {63AD73CC-FD56-43C7-B3EF-79E6946A6D49}
		{1F9A9413-8CF3-4D9F-A55F-0B6AEEC2111C} = {63AD73CC-FD56-43C7-B3EF-79E6946A6D49}
		{5F6B97E2-863D-486A-AA26-D439BEE7FEA7} = {63AD73CC-FD56-43C7-B3EF-79E6946A6D49}
		{275A71EF-6EED-46D4-A961-9F23FD83EEAA} = {D07E508C-4351-4856-8DC1-546718B96C3C}
		{02A1BECA-B7CE-4195-9B6F-89534F9459A1} = {D07E508C-4351-4856-8DC1-546718B96C3C}
		{83EAC3CB-8121-40CF-8C7B-FC9D0151B6FF} = {D07E508C-4351-4856-8DC1-546718B96C3C}
	EndGlobalSection
EndGlobal
