
Microsoft Visual Studio Solution File, Format Version 12.00
# Visual Studio 15
VisualStudioVersion = 15.0.26124.0
MinimumVisualStudioVersion = 15.0.26124.0
Project("{2150E333-8FDC-42A3-9474-1A3956D46DE8}") = "Code", "Code", "{542B3383-C68C-48B5-B2E8-D1740FC945F3}"
EndProject
Project("{FAE04EC0-301F-11D3-BF4B-00C04F79EFBC}") = "donettest.Api", "Code\donettest.Api\donettest.Api.csproj", "{8298AA26-1D2A-487F-9654-D046A0747526}"
EndProject
Project("{FAE04EC0-301F-11D3-BF4B-00C04F79EFBC}") = "donettest.BusinessEntities", "Code\donettest.BusinessEntities\donettest.BusinessEntities.csproj", "{B0A1DC2A-6D40-4BD1-B74D-E12BBF2BD118}"
EndProject
Project("{FAE04EC0-301F-11D3-BF4B-00C04F79EFBC}") = "donettest.BusinessServices", "Code\donettest.BusinessServices\donettest.BusinessServices.csproj", "{E6ED0F98-E22C-42D6-BF81-7466C718F895}"
EndProject
Project("{FAE04EC0-301F-11D3-BF4B-00C04F79EFBC}") = "donettest.Contracts", "Code\donettest.Contracts\donettest.Contracts.csproj", "{A8ED8913-3EB2-4416-8C20-083507BD77CE}"
EndProject
Project("{FAE04EC0-301F-11D3-BF4B-00C04F79EFBC}") = "donettest.Data", "Code\donettest.Data\donettest.Data.csproj", "{C2C070AF-558A-4711-81B0-2EF3F5506D9E}"
EndProject
Project("{FAE04EC0-301F-11D3-BF4B-00C04F79EFBC}") = "donettest.Test.Api", "Code\donettest.Test.Api\donettest.Test.Api.csproj", "{6195489B-38A1-4397-A323-2D6F11B08D90}"
EndProject
Project("{FAE04EC0-301F-11D3-BF4B-00C04F79EFBC}") = "donettest.Test.Business", "Code\donettest.Test.Business\donettest.Test.Business.csproj", "{394BC7D9-BE00-43CE-BFBF-33FC5AA0646A}"
EndProject
Project("{FAE04EC0-301F-11D3-BF4B-00C04F79EFBC}") = "donettest.Test.Framework", "Code\donettest.Test.Framework\donettest.Test.Framework.csproj", "{2F496412-E25E-4DEE-80BE-3708454F1A8E}"
EndProject
Project("{2150E333-8FDC-42A3-9474-1A3956D46DE8}") = "Test", "Test", "{DB3547A2-1385-4199-B622-05E54DB55F41}"
EndProject
Global
	GlobalSection(SolutionConfigurationPlatforms) = preSolution
		Debug|Any CPU = Debug|Any CPU
		Debug|x64 = Debug|x64
		Debug|x86 = Debug|x86
		Release|Any CPU = Release|Any CPU
		Release|x64 = Release|x64
		Release|x86 = Release|x86
	EndGlobalSection
	GlobalSection(SolutionProperties) = preSolution
		HideSolutionNode = FALSE
	EndGlobalSection
	GlobalSection(ProjectConfigurationPlatforms) = postSolution
		{8298AA26-1D2A-487F-9654-D046A0747526}.Debug|Any CPU.ActiveCfg = Debug|Any CPU
		{8298AA26-1D2A-487F-9654-D046A0747526}.Debug|Any CPU.Build.0 = Debug|Any CPU
		{8298AA26-1D2A-487F-9654-D046A0747526}.Debug|x64.ActiveCfg = Debug|Any CPU
		{8298AA26-1D2A-487F-9654-D046A0747526}.Debug|x64.Build.0 = Debug|Any CPU
		{8298AA26-1D2A-487F-9654-D046A0747526}.Debug|x86.ActiveCfg = Debug|Any CPU
		{8298AA26-1D2A-487F-9654-D046A0747526}.Debug|x86.Build.0 = Debug|Any CPU
		{8298AA26-1D2A-487F-9654-D046A0747526}.Release|Any CPU.ActiveCfg = Release|Any CPU
		{8298AA26-1D2A-487F-9654-D046A0747526}.Release|Any CPU.Build.0 = Release|Any CPU
		{8298AA26-1D2A-487F-9654-D046A0747526}.Release|x64.ActiveCfg = Release|Any CPU
		{8298AA26-1D2A-487F-9654-D046A0747526}.Release|x64.Build.0 = Release|Any CPU
		{8298AA26-1D2A-487F-9654-D046A0747526}.Release|x86.ActiveCfg = Release|Any CPU
		{8298AA26-1D2A-487F-9654-D046A0747526}.Release|x86.Build.0 = Release|Any CPU
		{B0A1DC2A-6D40-4BD1-B74D-E12BBF2BD118}.Debug|Any CPU.ActiveCfg = Debug|Any CPU
		{B0A1DC2A-6D40-4BD1-B74D-E12BBF2BD118}.Debug|Any CPU.Build.0 = Debug|Any CPU
		{B0A1DC2A-6D40-4BD1-B74D-E12BBF2BD118}.Debug|x64.ActiveCfg = Debug|Any CPU
		{B0A1DC2A-6D40-4BD1-B74D-E12BBF2BD118}.Debug|x64.Build.0 = Debug|Any CPU
		{B0A1DC2A-6D40-4BD1-B74D-E12BBF2BD118}.Debug|x86.ActiveCfg = Debug|Any CPU
		{B0A1DC2A-6D40-4BD1-B74D-E12BBF2BD118}.Debug|x86.Build.0 = Debug|Any CPU
		{B0A1DC2A-6D40-4BD1-B74D-E12BBF2BD118}.Release|Any CPU.ActiveCfg = Release|Any CPU
		{B0A1DC2A-6D40-4BD1-B74D-E12BBF2BD118}.Release|Any CPU.Build.0 = Release|Any CPU
		{B0A1DC2A-6D40-4BD1-B74D-E12BBF2BD118}.Release|x64.ActiveCfg = Release|Any CPU
		{B0A1DC2A-6D40-4BD1-B74D-E12BBF2BD118}.Release|x64.Build.0 = Release|Any CPU
		{B0A1DC2A-6D40-4BD1-B74D-E12BBF2BD118}.Release|x86.ActiveCfg = Release|Any CPU
		{B0A1DC2A-6D40-4BD1-B74D-E12BBF2BD118}.Release|x86.Build.0 = Release|Any CPU
		{E6ED0F98-E22C-42D6-BF81-7466C718F895}.Debug|Any CPU.ActiveCfg = Debug|Any CPU
		{E6ED0F98-E22C-42D6-BF81-7466C718F895}.Debug|Any CPU.Build.0 = Debug|Any CPU
		{E6ED0F98-E22C-42D6-BF81-7466C718F895}.Debug|x64.ActiveCfg = Debug|Any CPU
		{E6ED0F98-E22C-42D6-BF81-7466C718F895}.Debug|x64.Build.0 = Debug|Any CPU
		{E6ED0F98-E22C-42D6-BF81-7466C718F895}.Debug|x86.ActiveCfg = Debug|Any CPU
		{E6ED0F98-E22C-42D6-BF81-7466C718F895}.Debug|x86.Build.0 = Debug|Any CPU
		{E6ED0F98-E22C-42D6-BF81-7466C718F895}.Release|Any CPU.ActiveCfg = Release|Any CPU
		{E6ED0F98-E22C-42D6-BF81-7466C718F895}.Release|Any CPU.Build.0 = Release|Any CPU
		{E6ED0F98-E22C-42D6-BF81-7466C718F895}.Release|x64.ActiveCfg = Release|Any CPU
		{E6ED0F98-E22C-42D6-BF81-7466C718F895}.Release|x64.Build.0 = Release|Any CPU
		{E6ED0F98-E22C-42D6-BF81-7466C718F895}.Release|x86.ActiveCfg = Release|Any CPU
		{E6ED0F98-E22C-42D6-BF81-7466C718F895}.Release|x86.Build.0 = Release|Any CPU
		{A8ED8913-3EB2-4416-8C20-083507BD77CE}.Debug|Any CPU.ActiveCfg = Debug|Any CPU
		{A8ED8913-3EB2-4416-8C20-083507BD77CE}.Debug|Any CPU.Build.0 = Debug|Any CPU
		{A8ED8913-3EB2-4416-8C20-083507BD77CE}.Debug|x64.ActiveCfg = Debug|Any CPU
		{A8ED8913-3EB2-4416-8C20-083507BD77CE}.Debug|x64.Build.0 = Debug|Any CPU
		{A8ED8913-3EB2-4416-8C20-083507BD77CE}.Debug|x86.ActiveCfg = Debug|Any CPU
		{A8ED8913-3EB2-4416-8C20-083507BD77CE}.Debug|x86.Build.0 = Debug|Any CPU
		{A8ED8913-3EB2-4416-8C20-083507BD77CE}.Release|Any CPU.ActiveCfg = Release|Any CPU
		{A8ED8913-3EB2-4416-8C20-083507BD77CE}.Release|Any CPU.Build.0 = Release|Any CPU
		{A8ED8913-3EB2-4416-8C20-083507BD77CE}.Release|x64.ActiveCfg = Release|Any CPU
		{A8ED8913-3EB2-4416-8C20-083507BD77CE}.Release|x64.Build.0 = Release|Any CPU
		{A8ED8913-3EB2-4416-8C20-083507BD77CE}.Release|x86.ActiveCfg = Release|Any CPU
		{A8ED8913-3EB2-4416-8C20-083507BD77CE}.Release|x86.Build.0 = Release|Any CPU
		{C2C070AF-558A-4711-81B0-2EF3F5506D9E}.Debug|Any CPU.ActiveCfg = Debug|Any CPU
		{C2C070AF-558A-4711-81B0-2EF3F5506D9E}.Debug|Any CPU.Build.0 = Debug|Any CPU
		{C2C070AF-558A-4711-81B0-2EF3F5506D9E}.Debug|x64.ActiveCfg = Debug|Any CPU
		{C2C070AF-558A-4711-81B0-2EF3F5506D9E}.Debug|x64.Build.0 = Debug|Any CPU
		{C2C070AF-558A-4711-81B0-2EF3F5506D9E}.Debug|x86.ActiveCfg = Debug|Any CPU
		{C2C070AF-558A-4711-81B0-2EF3F5506D9E}.Debug|x86.Build.0 = Debug|Any CPU
		{C2C070AF-558A-4711-81B0-2EF3F5506D9E}.Release|Any CPU.ActiveCfg = Release|Any CPU
		{C2C070AF-558A-4711-81B0-2EF3F5506D9E}.Release|Any CPU.Build.0 = Release|Any CPU
		{C2C070AF-558A-4711-81B0-2EF3F5506D9E}.Release|x64.ActiveCfg = Release|Any CPU
		{C2C070AF-558A-4711-81B0-2EF3F5506D9E}.Release|x64.Build.0 = Release|Any CPU
		{C2C070AF-558A-4711-81B0-2EF3F5506D9E}.Release|x86.ActiveCfg = Release|Any CPU
		{C2C070AF-558A-4711-81B0-2EF3F5506D9E}.Release|x86.Build.0 = Release|Any CPU
		{6195489B-38A1-4397-A323-2D6F11B08D90}.Debug|Any CPU.ActiveCfg = Debug|Any CPU
		{6195489B-38A1-4397-A323-2D6F11B08D90}.Debug|Any CPU.Build.0 = Debug|Any CPU
		{6195489B-38A1-4397-A323-2D6F11B08D90}.Debug|x64.ActiveCfg = Debug|Any CPU
		{6195489B-38A1-4397-A323-2D6F11B08D90}.Debug|x64.Build.0 = Debug|Any CPU
		{6195489B-38A1-4397-A323-2D6F11B08D90}.Debug|x86.ActiveCfg = Debug|Any CPU
		{6195489B-38A1-4397-A323-2D6F11B08D90}.Debug|x86.Build.0 = Debug|Any CPU
		{6195489B-38A1-4397-A323-2D6F11B08D90}.Release|Any CPU.ActiveCfg = Release|Any CPU
		{6195489B-38A1-4397-A323-2D6F11B08D90}.Release|Any CPU.Build.0 = Release|Any CPU
		{6195489B-38A1-4397-A323-2D6F11B08D90}.Release|x64.ActiveCfg = Release|Any CPU
		{6195489B-38A1-4397-A323-2D6F11B08D90}.Release|x64.Build.0 = Release|Any CPU
		{6195489B-38A1-4397-A323-2D6F11B08D90}.Release|x86.ActiveCfg = Release|Any CPU
		{6195489B-38A1-4397-A323-2D6F11B08D90}.Release|x86.Build.0 = Release|Any CPU
		{394BC7D9-BE00-43CE-BFBF-33FC5AA0646A}.Debug|Any CPU.ActiveCfg = Debug|Any CPU
		{394BC7D9-BE00-43CE-BFBF-33FC5AA0646A}.Debug|Any CPU.Build.0 = Debug|Any CPU
		{394BC7D9-BE00-43CE-BFBF-33FC5AA0646A}.Debug|x64.ActiveCfg = Debug|Any CPU
		{394BC7D9-BE00-43CE-BFBF-33FC5AA0646A}.Debug|x64.Build.0 = Debug|Any CPU
		{394BC7D9-BE00-43CE-BFBF-33FC5AA0646A}.Debug|x86.ActiveCfg = Debug|Any CPU
		{394BC7D9-BE00-43CE-BFBF-33FC5AA0646A}.Debug|x86.Build.0 = Debug|Any CPU
		{394BC7D9-BE00-43CE-BFBF-33FC5AA0646A}.Release|Any CPU.ActiveCfg = Release|Any CPU
		{394BC7D9-BE00-43CE-BFBF-33FC5AA0646A}.Release|Any CPU.Build.0 = Release|Any CPU
		{394BC7D9-BE00-43CE-BFBF-33FC5AA0646A}.Release|x64.ActiveCfg = Release|Any CPU
		{394BC7D9-BE00-43CE-BFBF-33FC5AA0646A}.Release|x64.Build.0 = Release|Any CPU
		{394BC7D9-BE00-43CE-BFBF-33FC5AA0646A}.Release|x86.ActiveCfg = Release|Any CPU
		{394BC7D9-BE00-43CE-BFBF-33FC5AA0646A}.Release|x86.Build.0 = Release|Any CPU
		{2F496412-E25E-4DEE-80BE-3708454F1A8E}.Debug|Any CPU.ActiveCfg = Debug|Any CPU
		{2F496412-E25E-4DEE-80BE-3708454F1A8E}.Debug|Any CPU.Build.0 = Debug|Any CPU
		{2F496412-E25E-4DEE-80BE-3708454F1A8E}.Debug|x64.ActiveCfg = Debug|Any CPU
		{2F496412-E25E-4DEE-80BE-3708454F1A8E}.Debug|x64.Build.0 = Debug|Any CPU
		{2F496412-E25E-4DEE-80BE-3708454F1A8E}.Debug|x86.ActiveCfg = Debug|Any CPU
		{2F496412-E25E-4DEE-80BE-3708454F1A8E}.Debug|x86.Build.0 = Debug|Any CPU
		{2F496412-E25E-4DEE-80BE-3708454F1A8E}.Release|Any CPU.ActiveCfg = Release|Any CPU
		{2F496412-E25E-4DEE-80BE-3708454F1A8E}.Release|Any CPU.Build.0 = Release|Any CPU
		{2F496412-E25E-4DEE-80BE-3708454F1A8E}.Release|x64.ActiveCfg = Release|Any CPU
		{2F496412-E25E-4DEE-80BE-3708454F1A8E}.Release|x64.Build.0 = Release|Any CPU
		{2F496412-E25E-4DEE-80BE-3708454F1A8E}.Release|x86.ActiveCfg = Release|Any CPU
		{2F496412-E25E-4DEE-80BE-3708454F1A8E}.Release|x86.Build.0 = Release|Any CPU
	EndGlobalSection
	GlobalSection(NestedProjects) = preSolution
		{8298AA26-1D2A-487F-9654-D046A0747526} = {542B3383-C68C-48B5-B2E8-D1740FC945F3}
		{B0A1DC2A-6D40-4BD1-B74D-E12BBF2BD118} = {542B3383-C68C-48B5-B2E8-D1740FC945F3}
		{E6ED0F98-E22C-42D6-BF81-7466C718F895} = {542B3383-C68C-48B5-B2E8-D1740FC945F3}
		{A8ED8913-3EB2-4416-8C20-083507BD77CE} = {542B3383-C68C-48B5-B2E8-D1740FC945F3}
		{C2C070AF-558A-4711-81B0-2EF3F5506D9E} = {542B3383-C68C-48B5-B2E8-D1740FC945F3}
		{6195489B-38A1-4397-A323-2D6F11B08D90} = {DB3547A2-1385-4199-B622-05E54DB55F41}
		{394BC7D9-BE00-43CE-BFBF-33FC5AA0646A} = {DB3547A2-1385-4199-B622-05E54DB55F41}
		{2F496412-E25E-4DEE-80BE-3708454F1A8E} = {DB3547A2-1385-4199-B622-05E54DB55F41}
	EndGlobalSection
EndGlobal
